{
  "name": "speech-to-text",
  "lockfileVersion": 3,
  "requires": true,
  "packages": {
    "": {
      "dependencies": {
        "ngx-file-upload": "^0.0.1"
      }
    },
    "node_modules/ngx-file-upload": {
      "version": "0.0.1",
      "resolved": "https://registry.npmjs.org/ngx-file-upload/-/ngx-file-upload-0.0.1.tgz",
      "integrity": "sha512-IAd3nqGxaE9nGhshtZ610m0FzTkKcQWn6iqtsTVNXku1b/czOwnO4+7PuT83UNVudkR0Yefqn0Wzbge3K9LkNA==",
      "license": "ISC"
    }
  }
}
